
Microsoft Visual Studio Solution File, Format Version 12.00
# Visual Studio Version 16
VisualStudioVersion = 16.0.31624.102
MinimumVisualStudioVersion = 10.0.40219.1
Project("{FAE04EC0-301F-11D3-BF4B-00C04F79EFBC}") = "Timepass", "Timepass\Timepass.csproj", "{B99F6D02-89D8-4BA4-BB62-4FC5FED16080}"
EndProject
Project("{FAE04EC0-301F-11D3-BF4B-00C04F79EFBC}") = "Data", "Data\Data.csproj", "{0D4837A7-CDD1-42EA-949B-CC5DAFB6670E}"
EndProject
Global
	GlobalSection(SolutionConfigurationPlatforms) = preSolution
		Debug|Any CPU = Debug|Any CPU
		Release|Any CPU = Release|Any CPU
	EndGlobalSection
	GlobalSection(ProjectConfigurationPlatforms) = postSolution
		{B99F6D02-89D8-4BA4-BB62-4FC5FED16080}.Debug|Any CPU.ActiveCfg = Debug|Any CPU
		{B99F6D02-89D8-4BA4-BB62-4FC5FED16080}.Debug|Any CPU.Build.0 = Debug|Any CPU
		{B99F6D02-89D8-4BA4-BB62-4FC5FED16080}.Release|Any CPU.ActiveCfg = Release|Any CPU
		{B99F6D02-89D8-4BA4-BB62-4FC5FED16080}.Release|Any CPU.Build.0 = Release|Any CPU
		{0D4837A7-CDD1-42EA-949B-CC5DAFB6670E}.Debug|Any CPU.ActiveCfg = Debug|Any CPU
		{0D4837A7-CDD1-42EA-949B-CC5DAFB6670E}.Debug|Any CPU.Build.0 = Debug|Any CPU
		{0D4837A7-CDD1-42EA-949B-CC5DAFB6670E}.Release|Any CPU.ActiveCfg = Release|Any CPU
		{0D4837A7-CDD1-42EA-949B-CC5DAFB6670E}.Release|Any CPU.Build.0 = Release|Any CPU
	EndGlobalSection
	GlobalSection(SolutionProperties) = preSolution
		HideSolutionNode = FALSE
	EndGlobalSection
	GlobalSection(ExtensibilityGlobals) = postSolution
		SolutionGuid = {418FBB8A-6F65-422E-A7F4-EC09F47E24F4}
	EndGlobalSection
EndGlobal
