
Microsoft Visual Studio Solution File, Format Version 12.00
# Visual Studio Version 16
VisualStudioVersion = 16.0.31624.102
MinimumVisualStudioVersion = 10.0.40219.1
Project("{FAE04EC0-301F-11D3-BF4B-00C04F79EFBC}") = "AdaaBeauuty", "AdaaBeauuty\AdaaBeauuty.csproj", "{EFE9032D-8F2C-4279-8EEF-FCF954121AFF}"
EndProject
Project("{FAE04EC0-301F-11D3-BF4B-00C04F79EFBC}") = "Data", "Data\Data.csproj", "{801A0E6C-B878-4D05-A763-FB8E6FC1A8E1}"
EndProject
Project("{FAE04EC0-301F-11D3-BF4B-00C04F79EFBC}") = "RestService", "RestService\RestService.csproj", "{78F190B8-BEDE-4082-A3B8-9FAC73F47715}"
EndProject
Global
	GlobalSection(SolutionConfigurationPlatforms) = preSolution
		Debug|Any CPU = Debug|Any CPU
		Release|Any CPU = Release|Any CPU
	EndGlobalSection
	GlobalSection(ProjectConfigurationPlatforms) = postSolution
		{EFE9032D-8F2C-4279-8EEF-FCF954121AFF}.Debug|Any CPU.ActiveCfg = Debug|Any CPU
		{EFE9032D-8F2C-4279-8EEF-FCF954121AFF}.Debug|Any CPU.Build.0 = Debug|Any CPU
		{EFE9032D-8F2C-4279-8EEF-FCF954121AFF}.Release|Any CPU.ActiveCfg = Release|Any CPU
		{EFE9032D-8F2C-4279-8EEF-FCF954121AFF}.Release|Any CPU.Build.0 = Release|Any CPU
		{801A0E6C-B878-4D05-A763-FB8E6FC1A8E1}.Debug|Any CPU.ActiveCfg = Debug|Any CPU
		{801A0E6C-B878-4D05-A763-FB8E6FC1A8E1}.Debug|Any CPU.Build.0 = Debug|Any CPU
		{801A0E6C-B878-4D05-A763-FB8E6FC1A8E1}.Release|Any CPU.ActiveCfg = Release|Any CPU
		{801A0E6C-B878-4D05-A763-FB8E6FC1A8E1}.Release|Any CPU.Build.0 = Release|Any CPU
		{78F190B8-BEDE-4082-A3B8-9FAC73F47715}.Debug|Any CPU.ActiveCfg = Debug|Any CPU
		{78F190B8-BEDE-4082-A3B8-9FAC73F47715}.Debug|Any CPU.Build.0 = Debug|Any CPU
		{78F190B8-BEDE-4082-A3B8-9FAC73F47715}.Release|Any CPU.ActiveCfg = Release|Any CPU
		{78F190B8-BEDE-4082-A3B8-9FAC73F47715}.Release|Any CPU.Build.0 = Release|Any CPU
	EndGlobalSection
	GlobalSection(SolutionProperties) = preSolution
		HideSolutionNode = FALSE
	EndGlobalSection
	GlobalSection(ExtensibilityGlobals) = postSolution
		SolutionGuid = {DC6F3974-CF21-44E2-BD8A-2F9FD12280B7}
	EndGlobalSection
EndGlobal
